
Microsoft Visual Studio Solution File, Format Version 12.00
# Visual Studio 15
VisualStudioVersion = 15.0.27130.2010
MinimumVisualStudioVersion = 10.0.40219.1
Project("{FAE04EC0-301F-11D3-BF4B-00C04F79EFBC}") = "Supple", "Supple\Supple.csproj", "{53DA3D81-748A-48CA-9AD2-721C3C75CE37}"
EndProject
Project("{FAE04EC0-301F-11D3-BF4B-00C04F79EFBC}") = "Supple.Tests", "Supple.Tests\Supple.Tests.csproj", "{C4CE2445-355E-4080-810B-DEF2C9C81D5A}"
EndProject
Global
	GlobalSection(SolutionConfigurationPlatforms) = preSolution
		Debug|Any CPU = Debug|Any CPU
		Release|Any CPU = Release|Any CPU
	EndGlobalSection
	GlobalSection(ProjectConfigurationPlatforms) = postSolution
		{53DA3D81-748A-48CA-9AD2-721C3C75CE37}.Debug|Any CPU.ActiveCfg = Debug|Any CPU
		{53DA3D81-748A-48CA-9AD2-721C3C75CE37}.Debug|Any CPU.Build.0 = Debug|Any CPU
		{53DA3D81-748A-48CA-9AD2-721C3C75CE37}.Release|Any CPU.ActiveCfg = Release|Any CPU
		{53DA3D81-748A-48CA-9AD2-721C3C75CE37}.Release|Any CPU.Build.0 = Release|Any CPU
		{C4CE2445-355E-4080-810B-DEF2C9C81D5A}.Debug|Any CPU.ActiveCfg = Debug|Any CPU
		{C4CE2445-355E-4080-810B-DEF2C9C81D5A}.Debug|Any CPU.Build.0 = Debug|Any CPU
		{C4CE2445-355E-4080-810B-DEF2C9C81D5A}.Release|Any CPU.ActiveCfg = Release|Any CPU
		{C4CE2445-355E-4080-810B-DEF2C9C81D5A}.Release|Any CPU.Build.0 = Release|Any CPU
	EndGlobalSection
	GlobalSection(SolutionProperties) = preSolution
		HideSolutionNode = FALSE
	EndGlobalSection
	GlobalSection(ExtensibilityGlobals) = postSolution
		SolutionGuid = {733B0E6F-15DF-4CCF-A689-AC8AECF3743A}
	EndGlobalSection
EndGlobal
